// !$*UTF8*$!
{
	archiveVersion = 1;
	classes = {
	};
	objectVersion = 46;
	objects = {

/* Begin PBXBuildFile section */
		00231BE41E9B91F000DEBBF5 /* Note.swift in Sources */ = {isa = PBXBuildFile; fileRef = 00231BE31E9B91F000DEBBF5 /* Note.swift */; };
		00231BE61E9B929800DEBBF5 /* Notebook.swift in Sources */ = {isa = PBXBuildFile; fileRef = 00231BE51E9B929800DEBBF5 /* Notebook.swift */; };
		0036F5871EB81D1E00D19F75 /* PNNotebooksListViewController.swift in Sources */ = {isa = PBXBuildFile; fileRef = 0036F5851EB81D1E00D19F75 /* PNNotebooksListViewController.swift */; };
		0036F5881EB81D1E00D19F75 /* PNNotebooksListView.xib in Resources */ = {isa = PBXBuildFile; fileRef = 0036F5861EB81D1E00D19F75 /* PNNotebooksListView.xib */; };
		0036F58E1EB81E0C00D19F75 /* PNNotebooksListView.swift in Sources */ = {isa = PBXBuildFile; fileRef = 0036F58D1EB81E0C00D19F75 /* PNNotebooksListView.swift */; };
		0054AC3F1ECA8CF300F5BE96 /* ASNetworkAvailabilityCondition.swift in Sources */ = {isa = PBXBuildFile; fileRef = 0054AC3E1ECA8CF300F5BE96 /* ASNetworkAvailabilityCondition.swift */; };
		009E5A9C1EB1865E001F4889 /* PNPasscodeView.xib in Resources */ = {isa = PBXBuildFile; fileRef = 009E5A9B1EB1865E001F4889 /* PNPasscodeView.xib */; };
		009E5AA21EB18E40001F4889 /* PNPasscodeView.swift in Sources */ = {isa = PBXBuildFile; fileRef = 009E5AA11EB18E40001F4889 /* PNPasscodeView.swift */; };
		009E5AA41EB18E76001F4889 /* PNPasscodeViewController.swift in Sources */ = {isa = PBXBuildFile; fileRef = 009E5AA31EB18E76001F4889 /* PNPasscodeViewController.swift */; };
		009E5AA81EB1A66F001F4889 /* PNNavigationBarProtocol.swift in Sources */ = {isa = PBXBuildFile; fileRef = 009E5AA71EB1A66F001F4889 /* PNNavigationBarProtocol.swift */; };
		009E5AAF1EB1AB1F001F4889 /* PNLoginView.xib in Resources */ = {isa = PBXBuildFile; fileRef = 009E5AAE1EB1AB1F001F4889 /* PNLoginView.xib */; };
		009E5AB11EB1AEA2001F4889 /* PNLoginView.swift in Sources */ = {isa = PBXBuildFile; fileRef = 009E5AB01EB1AEA2001F4889 /* PNLoginView.swift */; };
		009E5AB31EB1AF34001F4889 /* PNLoginViewController.swift in Sources */ = {isa = PBXBuildFile; fileRef = 009E5AB21EB1AF34001F4889 /* PNLoginViewController.swift */; };
		009E5AB61EB1AF72001F4889 /* Login.storyboard in Resources */ = {isa = PBXBuildFile; fileRef = 009E5AB41EB1AF72001F4889 /* Login.storyboard */; };
		009E5ABB1EB1B3B6001F4889 /* PNRegistrationViewController.swift in Sources */ = {isa = PBXBuildFile; fileRef = 009E5ABA1EB1B3B6001F4889 /* PNRegistrationViewController.swift */; };
		009E5ABD1EB1B3D3001F4889 /* PNRegistrationView.xib in Resources */ = {isa = PBXBuildFile; fileRef = 009E5ABC1EB1B3D3001F4889 /* PNRegistrationView.xib */; };
		009E5ABF1EB1B44E001F4889 /* PNRegistrationView.swift in Sources */ = {isa = PBXBuildFile; fileRef = 009E5ABE1EB1B44E001F4889 /* PNRegistrationView.swift */; };
		00A66C9E1E89F95200924C34 /* AppDelegate.swift in Sources */ = {isa = PBXBuildFile; fileRef = 00A66C9D1E89F95200924C34 /* AppDelegate.swift */; };
		00A66CA01E89F95200924C34 /* ViewController.swift in Sources */ = {isa = PBXBuildFile; fileRef = 00A66C9F1E89F95200924C34 /* ViewController.swift */; };
		00A66CA31E89F95200924C34 /* Main.storyboard in Resources */ = {isa = PBXBuildFile; fileRef = 00A66CA11E89F95200924C34 /* Main.storyboard */; };
		00A66CA51E89F95200924C34 /* Assets.xcassets in Resources */ = {isa = PBXBuildFile; fileRef = 00A66CA41E89F95200924C34 /* Assets.xcassets */; };
		00A66CA81E89F95200924C34 /* LaunchScreen.storyboard in Resources */ = {isa = PBXBuildFile; fileRef = 00A66CA61E89F95200924C34 /* LaunchScreen.storyboard */; };
		00A66CB31E89F95200924C34 /* Pocket_NoteTests.swift in Sources */ = {isa = PBXBuildFile; fileRef = 00A66CB21E89F95200924C34 /* Pocket_NoteTests.swift */; };
		00A66CBE1E89F95200924C34 /* Pocket_NoteUITests.swift in Sources */ = {isa = PBXBuildFile; fileRef = 00A66CBD1E89F95200924C34 /* Pocket_NoteUITests.swift */; };
		00A66CCF1E89F9EE00924C34 /* PNNotesFeedView.xib in Resources */ = {isa = PBXBuildFile; fileRef = 00A66CCE1E89F9EE00924C34 /* PNNotesFeedView.xib */; };
		00A66CD11E89FBA900924C34 /* PNNotesFeedViewController.swift in Sources */ = {isa = PBXBuildFile; fileRef = 00A66CD01E89FBA900924C34 /* PNNotesFeedViewController.swift */; };
		00A66CD31E89FC6100924C34 /* PNNotesFeedTableViewCell.xib in Resources */ = {isa = PBXBuildFile; fileRef = 00A66CD21E89FC6100924C34 /* PNNotesFeedTableViewCell.xib */; };
		00A66CD51E89FF0A00924C34 /* PNNotesFeedCollectionViewCell.xib in Resources */ = {isa = PBXBuildFile; fileRef = 00A66CD41E89FF0A00924C34 /* PNNotesFeedCollectionViewCell.xib */; };
		00A66CD71E8A002F00924C34 /* PNNotesFeedView.swift in Sources */ = {isa = PBXBuildFile; fileRef = 00A66CD61E8A002F00924C34 /* PNNotesFeedView.swift */; };
		00A66CD91E8A03B200924C34 /* PNNotesFeedTableViewCell.swift in Sources */ = {isa = PBXBuildFile; fileRef = 00A66CD81E8A03B200924C34 /* PNNotesFeedTableViewCell.swift */; };
		00A66CDB1E8A049600924C34 /* PNNotesFeedCollectionViewCell.swift in Sources */ = {isa = PBXBuildFile; fileRef = 00A66CDA1E8A049600924C34 /* PNNotesFeedCollectionViewCell.swift */; };
		00AE74751E8CE30A0081C35C /* PNCreateNoteView.xib in Resources */ = {isa = PBXBuildFile; fileRef = 00AE74741E8CE30A0081C35C /* PNCreateNoteView.xib */; };
		00AE749C1E8CE8A50081C35C /* Lato-Black.ttf in Resources */ = {isa = PBXBuildFile; fileRef = 00AE748A1E8CE4C10081C35C /* Lato-Black.ttf */; };
		00AE749D1E8CE8A50081C35C /* Lato-BlackItalic.ttf in Resources */ = {isa = PBXBuildFile; fileRef = 00AE748B1E8CE4C10081C35C /* Lato-BlackItalic.ttf */; };
		00AE749E1E8CE8A50081C35C /* Lato-Bold.ttf in Resources */ = {isa = PBXBuildFile; fileRef = 00AE748C1E8CE4C10081C35C /* Lato-Bold.ttf */; };
		00AE749F1E8CE8A50081C35C /* Lato-BoldItalic.ttf in Resources */ = {isa = PBXBuildFile; fileRef = 00AE748D1E8CE4C10081C35C /* Lato-BoldItalic.ttf */; };
		00AE74A01E8CE8A50081C35C /* Lato-Hairline.ttf in Resources */ = {isa = PBXBuildFile; fileRef = 00AE748E1E8CE4C10081C35C /* Lato-Hairline.ttf */; };
		00AE74A11E8CE8A50081C35C /* Lato-HairlineItalic.ttf in Resources */ = {isa = PBXBuildFile; fileRef = 00AE748F1E8CE4C10081C35C /* Lato-HairlineItalic.ttf */; };
		00AE74A21E8CE8A50081C35C /* Lato-Heavy.ttf in Resources */ = {isa = PBXBuildFile; fileRef = 00AE74901E8CE4C10081C35C /* Lato-Heavy.ttf */; };
		00AE74A31E8CE8A50081C35C /* Lato-HeavyItalic.ttf in Resources */ = {isa = PBXBuildFile; fileRef = 00AE74911E8CE4C10081C35C /* Lato-HeavyItalic.ttf */; };
		00AE74A41E8CE8A50081C35C /* Lato-Italic.ttf in Resources */ = {isa = PBXBuildFile; fileRef = 00AE74921E8CE4C10081C35C /* Lato-Italic.ttf */; };
		00AE74A51E8CE8A50081C35C /* Lato-Light.ttf in Resources */ = {isa = PBXBuildFile; fileRef = 00AE74931E8CE4C10081C35C /* Lato-Light.ttf */; };
		00AE74A61E8CE8A50081C35C /* Lato-LightItalic.ttf in Resources */ = {isa = PBXBuildFile; fileRef = 00AE74941E8CE4C10081C35C /* Lato-LightItalic.ttf */; };
		00AE74A71E8CE8A50081C35C /* Lato-Medium.ttf in Resources */ = {isa = PBXBuildFile; fileRef = 00AE74951E8CE4C10081C35C /* Lato-Medium.ttf */; };
		00AE74A81E8CE8A50081C35C /* Lato-MediumItalic.ttf in Resources */ = {isa = PBXBuildFile; fileRef = 00AE74961E8CE4C10081C35C /* Lato-MediumItalic.ttf */; };
		00AE74A91E8CE8A50081C35C /* Lato-Regular.ttf in Resources */ = {isa = PBXBuildFile; fileRef = 00AE74971E8CE4C10081C35C /* Lato-Regular.ttf */; };
		00AE74AA1E8CE8A50081C35C /* Lato-Semibold.ttf in Resources */ = {isa = PBXBuildFile; fileRef = 00AE74981E8CE4C10081C35C /* Lato-Semibold.ttf */; };
		00AE74AB1E8CE8A50081C35C /* Lato-SemiboldItalic.ttf in Resources */ = {isa = PBXBuildFile; fileRef = 00AE74991E8CE4C10081C35C /* Lato-SemiboldItalic.ttf */; };
		00AE74AC1E8CE8A50081C35C /* Lato-Thin.ttf in Resources */ = {isa = PBXBuildFile; fileRef = 00AE749A1E8CE4C10081C35C /* Lato-Thin.ttf */; };
		00AE74AD1E8CE8A50081C35C /* Lato-ThinItalic.ttf in Resources */ = {isa = PBXBuildFile; fileRef = 00AE749B1E8CE4C10081C35C /* Lato-ThinItalic.ttf */; };
		00AE74AF1E8CECC00081C35C /* PNCreateNoteViewController.swift in Sources */ = {isa = PBXBuildFile; fileRef = 00AE74AE1E8CECC00081C35C /* PNCreateNoteViewController.swift */; };
		00AE74B11E8CECE90081C35C /* PNCreateNoteView.swift in Sources */ = {isa = PBXBuildFile; fileRef = 00AE74B01E8CECE90081C35C /* PNCreateNoteView.swift */; };
		00B0C8481EC193890061F5E8 /* RegistrationQuickSpec.swift in Sources */ = {isa = PBXBuildFile; fileRef = 00B0C8471EC193890061F5E8 /* RegistrationQuickSpec.swift */; };
		00CD5A831E9C5D87009F9569 /* Account.swift in Sources */ = {isa = PBXBuildFile; fileRef = 00CD5A821E9C5D87009F9569 /* Account.swift */; };
		00CD5A881E9C613D009F9569 /* NoteModelQuickSpec.swift in Sources */ = {isa = PBXBuildFile; fileRef = 00CD5A871E9C613D009F9569 /* NoteModelQuickSpec.swift */; };
		00CD5A8A1E9C78BE009F9569 /* NotebookQuickSpec.swift in Sources */ = {isa = PBXBuildFile; fileRef = 00CD5A891E9C78BE009F9569 /* NotebookQuickSpec.swift */; };
		00CD5A8C1E9C7D96009F9569 /* AccountModelQuickSpec.swift in Sources */ = {isa = PBXBuildFile; fileRef = 00CD5A8B1E9C7D96009F9569 /* AccountModelQuickSpec.swift */; };
		00D028271EC00351000E8B25 /* LoginQuickSpec.swift in Sources */ = {isa = PBXBuildFile; fileRef = 00D028261EC00351000E8B25 /* LoginQuickSpec.swift */; };
		00F611DD1EB05EE0000160BA /* PNSideMenuView.xib in Resources */ = {isa = PBXBuildFile; fileRef = 00F611DC1EB05EE0000160BA /* PNSideMenuView.xib */; };
		00F611E01EB05F7B000160BA /* PNSideMenuView.swift in Sources */ = {isa = PBXBuildFile; fileRef = 00F611DF1EB05F7B000160BA /* PNSideMenuView.swift */; };
		00F611E21EB05FC3000160BA /* PNSideMenuViewController.swift in Sources */ = {isa = PBXBuildFile; fileRef = 00F611E11EB05FC3000160BA /* PNSideMenuViewController.swift */; };
		95883121EF813807E5E0F157 /* Pods_Pocket_NoteUITests.framework in Frameworks */ = {isa = PBXBuildFile; fileRef = B16B268962CE95BA953B08CA /* Pods_Pocket_NoteUITests.framework */; };
		B87E50F0520B752C750DA85D /* Pods_Pocket_NoteTests.framework in Frameworks */ = {isa = PBXBuildFile; fileRef = 7D6E55A9B49609287D447E6A /* Pods_Pocket_NoteTests.framework */; };
		BF4907B536DD2FF1698A9E09 /* Pods_Pocket_Note.framework in Frameworks */ = {isa = PBXBuildFile; fileRef = 1F8D4A68C973EF47B60B880D /* Pods_Pocket_Note.framework */; };
/* End PBXBuildFile section */

/* Begin PBXContainerItemProxy section */
		00A66CAF1E89F95200924C34 /* PBXContainerItemProxy */ = {
			isa = PBXContainerItemProxy;
			containerPortal = 00A66C921E89F95200924C34 /* Project object */;
			proxyType = 1;
			remoteGlobalIDString = 00A66C991E89F95200924C34;
			remoteInfo = "Pocket Note";
		};
		00A66CBA1E89F95200924C34 /* PBXContainerItemProxy */ = {
			isa = PBXContainerItemProxy;
			containerPortal = 00A66C921E89F95200924C34 /* Project object */;
			proxyType = 1;
			remoteGlobalIDString = 00A66C991E89F95200924C34;
			remoteInfo = "Pocket Note";
		};
/* End PBXContainerItemProxy section */

/* Begin PBXFileReference section */
		00231BE31E9B91F000DEBBF5 /* Note.swift */ = {isa = PBXFileReference; fileEncoding = 4; lastKnownFileType = sourcecode.swift; name = Note.swift; path = Models/Note.swift; sourceTree = "<group>"; };
		00231BE51E9B929800DEBBF5 /* Notebook.swift */ = {isa = PBXFileReference; fileEncoding = 4; lastKnownFileType = sourcecode.swift; name = Notebook.swift; path = Modules/Notebook.swift; sourceTree = "<group>"; };
		0036F5851EB81D1E00D19F75 /* PNNotebooksListViewController.swift */ = {isa = PBXFileReference; fileEncoding = 4; lastKnownFileType = sourcecode.swift; name = PNNotebooksListViewController.swift; path = "Modules/Notebooks/View Notebooks List/PNNotebooksListViewController.swift"; sourceTree = "<group>"; };
		0036F5861EB81D1E00D19F75 /* PNNotebooksListView.xib */ = {isa = PBXFileReference; fileEncoding = 4; lastKnownFileType = file.xib; name = PNNotebooksListView.xib; path = "Modules/Notebooks/View Notebooks List/PNNotebooksListView.xib"; sourceTree = "<group>"; };
		0036F58D1EB81E0C00D19F75 /* PNNotebooksListView.swift */ = {isa = PBXFileReference; fileEncoding = 4; lastKnownFileType = sourcecode.swift; name = PNNotebooksListView.swift; path = "Modules/Notebooks/View Notebooks List/PNNotebooksListView.swift"; sourceTree = "<group>"; };
		0054AC3E1ECA8CF300F5BE96 /* ASNetworkAvailabilityCondition.swift */ = {isa = PBXFileReference; fileEncoding = 4; lastKnownFileType = sourcecode.swift; name = ASNetworkAvailabilityCondition.swift; path = Operations/Network/ASNetworkAvailabilityCondition.swift; sourceTree = "<group>"; };
		009E5A9B1EB1865E001F4889 /* PNPasscodeView.xib */ = {isa = PBXFileReference; fileEncoding = 4; lastKnownFileType = file.xib; name = PNPasscodeView.xib; path = Modules/Account/Passcode/PNPasscodeView.xib; sourceTree = "<group>"; };
		009E5AA11EB18E40001F4889 /* PNPasscodeView.swift */ = {isa = PBXFileReference; fileEncoding = 4; lastKnownFileType = sourcecode.swift; name = PNPasscodeView.swift; path = Modules/Account/Passcode/PNPasscodeView.swift; sourceTree = "<group>"; };
		009E5AA31EB18E76001F4889 /* PNPasscodeViewController.swift */ = {isa = PBXFileReference; fileEncoding = 4; lastKnownFileType = sourcecode.swift; name = PNPasscodeViewController.swift; path = Modules/Account/Passcode/PNPasscodeViewController.swift; sourceTree = "<group>"; };
		009E5AA71EB1A66F001F4889 /* PNNavigationBarProtocol.swift */ = {isa = PBXFileReference; fileEncoding = 4; lastKnownFileType = sourcecode.swift; name = PNNavigationBarProtocol.swift; path = Modules/Account/Passcode/PNNavigationBarProtocol.swift; sourceTree = "<group>"; };
		009E5AAE1EB1AB1F001F4889 /* PNLoginView.xib */ = {isa = PBXFileReference; fileEncoding = 4; lastKnownFileType = file.xib; name = PNLoginView.xib; path = Modules/Account/Login/PNLoginView.xib; sourceTree = "<group>"; };
		009E5AB01EB1AEA2001F4889 /* PNLoginView.swift */ = {isa = PBXFileReference; fileEncoding = 4; lastKnownFileType = sourcecode.swift; name = PNLoginView.swift; path = Modules/Account/Login/PNLoginView.swift; sourceTree = "<group>"; };
		009E5AB21EB1AF34001F4889 /* PNLoginViewController.swift */ = {isa = PBXFileReference; fileEncoding = 4; lastKnownFileType = sourcecode.swift; name = PNLoginViewController.swift; path = Modules/Account/Login/PNLoginViewController.swift; sourceTree = "<group>"; };
		009E5AB51EB1AF72001F4889 /* Base */ = {isa = PBXFileReference; lastKnownFileType = file.storyboard; name = Base; path = Base.lproj/Login.storyboard; sourceTree = "<group>"; };
		009E5ABA1EB1B3B6001F4889 /* PNRegistrationViewController.swift */ = {isa = PBXFileReference; fileEncoding = 4; lastKnownFileType = sourcecode.swift; name = PNRegistrationViewController.swift; path = Modules/Account/Registration/PNRegistrationViewController.swift; sourceTree = "<group>"; };
		009E5ABC1EB1B3D3001F4889 /* PNRegistrationView.xib */ = {isa = PBXFileReference; fileEncoding = 4; lastKnownFileType = file.xib; name = PNRegistrationView.xib; path = Modules/Account/Registration/PNRegistrationView.xib; sourceTree = "<group>"; };
		009E5ABE1EB1B44E001F4889 /* PNRegistrationView.swift */ = {isa = PBXFileReference; fileEncoding = 4; lastKnownFileType = sourcecode.swift; name = PNRegistrationView.swift; path = Modules/Account/Registration/PNRegistrationView.swift; sourceTree = "<group>"; };
		00A66C9A1E89F95200924C34 /* Pocket Note.app */ = {isa = PBXFileReference; explicitFileType = wrapper.application; includeInIndex = 0; path = "Pocket Note.app"; sourceTree = BUILT_PRODUCTS_DIR; };
		00A66C9D1E89F95200924C34 /* AppDelegate.swift */ = {isa = PBXFileReference; lastKnownFileType = sourcecode.swift; path = AppDelegate.swift; sourceTree = "<group>"; };
		00A66C9F1E89F95200924C34 /* ViewController.swift */ = {isa = PBXFileReference; lastKnownFileType = sourcecode.swift; path = ViewController.swift; sourceTree = "<group>"; };
		00A66CA21E89F95200924C34 /* Base */ = {isa = PBXFileReference; lastKnownFileType = file.storyboard; name = Base; path = Base.lproj/Main.storyboard; sourceTree = "<group>"; };
		00A66CA41E89F95200924C34 /* Assets.xcassets */ = {isa = PBXFileReference; lastKnownFileType = folder.assetcatalog; path = Assets.xcassets; sourceTree = "<group>"; };
		00A66CA71E89F95200924C34 /* Base */ = {isa = PBXFileReference; lastKnownFileType = file.storyboard; name = Base; path = Base.lproj/LaunchScreen.storyboard; sourceTree = "<group>"; };
		00A66CA91E89F95200924C34 /* Info.plist */ = {isa = PBXFileReference; lastKnownFileType = text.plist.xml; path = Info.plist; sourceTree = "<group>"; };
		00A66CAE1E89F95200924C34 /* Pocket NoteTests.xctest */ = {isa = PBXFileReference; explicitFileType = wrapper.cfbundle; includeInIndex = 0; path = "Pocket NoteTests.xctest"; sourceTree = BUILT_PRODUCTS_DIR; };
		00A66CB21E89F95200924C34 /* Pocket_NoteTests.swift */ = {isa = PBXFileReference; lastKnownFileType = sourcecode.swift; path = Pocket_NoteTests.swift; sourceTree = "<group>"; };
		00A66CB41E89F95200924C34 /* Info.plist */ = {isa = PBXFileReference; lastKnownFileType = text.plist.xml; path = Info.plist; sourceTree = "<group>"; };
		00A66CB91E89F95200924C34 /* Pocket NoteUITests.xctest */ = {isa = PBXFileReference; explicitFileType = wrapper.cfbundle; includeInIndex = 0; path = "Pocket NoteUITests.xctest"; sourceTree = BUILT_PRODUCTS_DIR; };
		00A66CBD1E89F95200924C34 /* Pocket_NoteUITests.swift */ = {isa = PBXFileReference; lastKnownFileType = sourcecode.swift; path = Pocket_NoteUITests.swift; sourceTree = "<group>"; };
		00A66CBF1E89F95200924C34 /* Info.plist */ = {isa = PBXFileReference; lastKnownFileType = text.plist.xml; path = Info.plist; sourceTree = "<group>"; };
		00A66CCE1E89F9EE00924C34 /* PNNotesFeedView.xib */ = {isa = PBXFileReference; fileEncoding = 4; lastKnownFileType = file.xib; name = PNNotesFeedView.xib; path = "Modules/Notes Feed/PNNotesFeedView.xib"; sourceTree = "<group>"; };
		00A66CD01E89FBA900924C34 /* PNNotesFeedViewController.swift */ = {isa = PBXFileReference; fileEncoding = 4; lastKnownFileType = sourcecode.swift; name = PNNotesFeedViewController.swift; path = "Modules/Notes Feed/PNNotesFeedViewController.swift"; sourceTree = "<group>"; };
		00A66CD21E89FC6100924C34 /* PNNotesFeedTableViewCell.xib */ = {isa = PBXFileReference; fileEncoding = 4; lastKnownFileType = file.xib; name = PNNotesFeedTableViewCell.xib; path = "Modules/Notes Feed/PNNotesFeedTableViewCell.xib"; sourceTree = "<group>"; };
		00A66CD41E89FF0A00924C34 /* PNNotesFeedCollectionViewCell.xib */ = {isa = PBXFileReference; fileEncoding = 4; lastKnownFileType = file.xib; path = PNNotesFeedCollectionViewCell.xib; sourceTree = "<group>"; };
		00A66CD61E8A002F00924C34 /* PNNotesFeedView.swift */ = {isa = PBXFileReference; fileEncoding = 4; lastKnownFileType = sourcecode.swift; name = PNNotesFeedView.swift; path = "Modules/Notes Feed/PNNotesFeedView.swift"; sourceTree = "<group>"; };
		00A66CD81E8A03B200924C34 /* PNNotesFeedTableViewCell.swift */ = {isa = PBXFileReference; fileEncoding = 4; lastKnownFileType = sourcecode.swift; name = PNNotesFeedTableViewCell.swift; path = Modules/PNNotesFeedTableViewCell.swift; sourceTree = "<group>"; };
		00A66CDA1E8A049600924C34 /* PNNotesFeedCollectionViewCell.swift */ = {isa = PBXFileReference; fileEncoding = 4; lastKnownFileType = sourcecode.swift; name = PNNotesFeedCollectionViewCell.swift; path = "Modules/Notes Feed/PNNotesFeedCollectionViewCell.swift"; sourceTree = "<group>"; };
		00AE74741E8CE30A0081C35C /* PNCreateNoteView.xib */ = {isa = PBXFileReference; fileEncoding = 4; lastKnownFileType = file.xib; name = PNCreateNoteView.xib; path = "Modules/Create Note/PNCreateNoteView.xib"; sourceTree = "<group>"; };
		00AE748A1E8CE4C10081C35C /* Lato-Black.ttf */ = {isa = PBXFileReference; lastKnownFileType = file; name = "Lato-Black.ttf"; path = "Resources/Lato/Lato-Black.ttf"; sourceTree = "<group>"; };
		00AE748B1E8CE4C10081C35C /* Lato-BlackItalic.ttf */ = {isa = PBXFileReference; lastKnownFileType = file; name = "Lato-BlackItalic.ttf"; path = "Resources/Lato/Lato-BlackItalic.ttf"; sourceTree = "<group>"; };
		00AE748C1E8CE4C10081C35C /* Lato-Bold.ttf */ = {isa = PBXFileReference; lastKnownFileType = file; name = "Lato-Bold.ttf"; path = "Resources/Lato/Lato-Bold.ttf"; sourceTree = "<group>"; };
		00AE748D1E8CE4C10081C35C /* Lato-BoldItalic.ttf */ = {isa = PBXFileReference; lastKnownFileType = file; name = "Lato-BoldItalic.ttf"; path = "Resources/Lato/Lato-BoldItalic.ttf"; sourceTree = "<group>"; };
		00AE748E1E8CE4C10081C35C /* Lato-Hairline.ttf */ = {isa = PBXFileReference; lastKnownFileType = file; name = "Lato-Hairline.ttf"; path = "Resources/Lato/Lato-Hairline.ttf"; sourceTree = "<group>"; };
		00AE748F1E8CE4C10081C35C /* Lato-HairlineItalic.ttf */ = {isa = PBXFileReference; lastKnownFileType = file; name = "Lato-HairlineItalic.ttf"; path = "Resources/Lato/Lato-HairlineItalic.ttf"; sourceTree = "<group>"; };
		00AE74901E8CE4C10081C35C /* Lato-Heavy.ttf */ = {isa = PBXFileReference; lastKnownFileType = file; name = "Lato-Heavy.ttf"; path = "Resources/Lato/Lato-Heavy.ttf"; sourceTree = "<group>"; };
		00AE74911E8CE4C10081C35C /* Lato-HeavyItalic.ttf */ = {isa = PBXFileReference; lastKnownFileType = file; name = "Lato-HeavyItalic.ttf"; path = "Resources/Lato/Lato-HeavyItalic.ttf"; sourceTree = "<group>"; };
		00AE74921E8CE4C10081C35C /* Lato-Italic.ttf */ = {isa = PBXFileReference; lastKnownFileType = file; name = "Lato-Italic.ttf"; path = "Resources/Lato/Lato-Italic.ttf"; sourceTree = "<group>"; };
		00AE74931E8CE4C10081C35C /* Lato-Light.ttf */ = {isa = PBXFileReference; lastKnownFileType = file; name = "Lato-Light.ttf"; path = "Resources/Lato/Lato-Light.ttf"; sourceTree = "<group>"; };
		00AE74941E8CE4C10081C35C /* Lato-LightItalic.ttf */ = {isa = PBXFileReference; lastKnownFileType = file; name = "Lato-LightItalic.ttf"; path = "Resources/Lato/Lato-LightItalic.ttf"; sourceTree = "<group>"; };
		00AE74951E8CE4C10081C35C /* Lato-Medium.ttf */ = {isa = PBXFileReference; lastKnownFileType = file; name = "Lato-Medium.ttf"; path = "Resources/Lato/Lato-Medium.ttf"; sourceTree = "<group>"; };
		00AE74961E8CE4C10081C35C /* Lato-MediumItalic.ttf */ = {isa = PBXFileReference; lastKnownFileType = file; name = "Lato-MediumItalic.ttf"; path = "Resources/Lato/Lato-MediumItalic.ttf"; sourceTree = "<group>"; };
		00AE74971E8CE4C10081C35C /* Lato-Regular.ttf */ = {isa = PBXFileReference; lastKnownFileType = file; name = "Lato-Regular.ttf"; path = "Resources/Lato/Lato-Regular.ttf"; sourceTree = "<group>"; };
		00AE74981E8CE4C10081C35C /* Lato-Semibold.ttf */ = {isa = PBXFileReference; lastKnownFileType = file; name = "Lato-Semibold.ttf"; path = "Resources/Lato/Lato-Semibold.ttf"; sourceTree = "<group>"; };
		00AE74991E8CE4C10081C35C /* Lato-SemiboldItalic.ttf */ = {isa = PBXFileReference; lastKnownFileType = file; name = "Lato-SemiboldItalic.ttf"; path = "Resources/Lato/Lato-SemiboldItalic.ttf"; sourceTree = "<group>"; };
		00AE749A1E8CE4C10081C35C /* Lato-Thin.ttf */ = {isa = PBXFileReference; lastKnownFileType = file; name = "Lato-Thin.ttf"; path = "Resources/Lato/Lato-Thin.ttf"; sourceTree = "<group>"; };
		00AE749B1E8CE4C10081C35C /* Lato-ThinItalic.ttf */ = {isa = PBXFileReference; lastKnownFileType = file; name = "Lato-ThinItalic.ttf"; path = "Resources/Lato/Lato-ThinItalic.ttf"; sourceTree = "<group>"; };
		00AE74AE1E8CECC00081C35C /* PNCreateNoteViewController.swift */ = {isa = PBXFileReference; fileEncoding = 4; lastKnownFileType = sourcecode.swift; name = PNCreateNoteViewController.swift; path = "Modules/Create Note/PNCreateNoteViewController.swift"; sourceTree = "<group>"; };
		00AE74B01E8CECE90081C35C /* PNCreateNoteView.swift */ = {isa = PBXFileReference; fileEncoding = 4; lastKnownFileType = sourcecode.swift; name = PNCreateNoteView.swift; path = "Modules/Create Note/PNCreateNoteView.swift"; sourceTree = "<group>"; };
		00B0C8471EC193890061F5E8 /* RegistrationQuickSpec.swift */ = {isa = PBXFileReference; fileEncoding = 4; lastKnownFileType = sourcecode.swift; name = RegistrationQuickSpec.swift; path = Modules/Registration/RegistrationQuickSpec.swift; sourceTree = "<group>"; };
		00CD5A821E9C5D87009F9569 /* Account.swift */ = {isa = PBXFileReference; fileEncoding = 4; lastKnownFileType = sourcecode.swift; name = Account.swift; path = Models/Account.swift; sourceTree = "<group>"; };
		00CD5A871E9C613D009F9569 /* NoteModelQuickSpec.swift */ = {isa = PBXFileReference; fileEncoding = 4; lastKnownFileType = sourcecode.swift; name = NoteModelQuickSpec.swift; path = Models/NoteModelQuickSpec.swift; sourceTree = "<group>"; };
		00CD5A891E9C78BE009F9569 /* NotebookQuickSpec.swift */ = {isa = PBXFileReference; fileEncoding = 4; lastKnownFileType = sourcecode.swift; name = NotebookQuickSpec.swift; path = Models/NotebookQuickSpec.swift; sourceTree = "<group>"; };
		00CD5A8B1E9C7D96009F9569 /* AccountModelQuickSpec.swift */ = {isa = PBXFileReference; fileEncoding = 4; lastKnownFileType = sourcecode.swift; name = AccountModelQuickSpec.swift; path = Models/AccountModelQuickSpec.swift; sourceTree = "<group>"; };
		00D028261EC00351000E8B25 /* LoginQuickSpec.swift */ = {isa = PBXFileReference; fileEncoding = 4; lastKnownFileType = sourcecode.swift; name = LoginQuickSpec.swift; path = Modules/Login/LoginQuickSpec.swift; sourceTree = "<group>"; };
		00F611DC1EB05EE0000160BA /* PNSideMenuView.xib */ = {isa = PBXFileReference; fileEncoding = 4; lastKnownFileType = file.xib; name = PNSideMenuView.xib; path = "Modules/Settings/Side Menu/PNSideMenuView.xib"; sourceTree = "<group>"; };
		00F611DF1EB05F7B000160BA /* PNSideMenuView.swift */ = {isa = PBXFileReference; fileEncoding = 4; lastKnownFileType = sourcecode.swift; name = PNSideMenuView.swift; path = "Modules/Settings/Side Menu/PNSideMenuView.swift"; sourceTree = "<group>"; };
		00F611E11EB05FC3000160BA /* PNSideMenuViewController.swift */ = {isa = PBXFileReference; fileEncoding = 4; lastKnownFileType = sourcecode.swift; name = PNSideMenuViewController.swift; path = "Modules/Settings/Side Menu/PNSideMenuViewController.swift"; sourceTree = "<group>"; };
		01BF788A29D5A4B994FE7DF5 /* Pods-Pocket NoteUITests.release.xcconfig */ = {isa = PBXFileReference; includeInIndex = 1; lastKnownFileType = text.xcconfig; name = "Pods-Pocket NoteUITests.release.xcconfig"; path = "Pods/Target Support Files/Pods-Pocket NoteUITests/Pods-Pocket NoteUITests.release.xcconfig"; sourceTree = "<group>"; };
		1F8D4A68C973EF47B60B880D /* Pods_Pocket_Note.framework */ = {isa = PBXFileReference; explicitFileType = wrapper.framework; includeInIndex = 0; path = Pods_Pocket_Note.framework; sourceTree = BUILT_PRODUCTS_DIR; };
		34464E6B4829A69B8689C7D5 /* Pods-Pocket NoteTests.debug.xcconfig */ = {isa = PBXFileReference; includeInIndex = 1; lastKnownFileType = text.xcconfig; name = "Pods-Pocket NoteTests.debug.xcconfig"; path = "Pods/Target Support Files/Pods-Pocket NoteTests/Pods-Pocket NoteTests.debug.xcconfig"; sourceTree = "<group>"; };
		58194ADA537358297BCCBFBB /* Pods-Pocket NoteTests.release.xcconfig */ = {isa = PBXFileReference; includeInIndex = 1; lastKnownFileType = text.xcconfig; name = "Pods-Pocket NoteTests.release.xcconfig"; path = "Pods/Target Support Files/Pods-Pocket NoteTests/Pods-Pocket NoteTests.release.xcconfig"; sourceTree = "<group>"; };
		6ACCCBEE7F4C74014AA7D9A7 /* Pods-Pocket Note.debug.xcconfig */ = {isa = PBXFileReference; includeInIndex = 1; lastKnownFileType = text.xcconfig; name = "Pods-Pocket Note.debug.xcconfig"; path = "Pods/Target Support Files/Pods-Pocket Note/Pods-Pocket Note.debug.xcconfig"; sourceTree = "<group>"; };
		7D6E55A9B49609287D447E6A /* Pods_Pocket_NoteTests.framework */ = {isa = PBXFileReference; explicitFileType = wrapper.framework; includeInIndex = 0; path = Pods_Pocket_NoteTests.framework; sourceTree = BUILT_PRODUCTS_DIR; };
		854B3F2C13D73790DC18316B /* Pods-Pocket Note.release.xcconfig */ = {isa = PBXFileReference; includeInIndex = 1; lastKnownFileType = text.xcconfig; name = "Pods-Pocket Note.release.xcconfig"; path = "Pods/Target Support Files/Pods-Pocket Note/Pods-Pocket Note.release.xcconfig"; sourceTree = "<group>"; };
		B16B268962CE95BA953B08CA /* Pods_Pocket_NoteUITests.framework */ = {isa = PBXFileReference; explicitFileType = wrapper.framework; includeInIndex = 0; path = Pods_Pocket_NoteUITests.framework; sourceTree = BUILT_PRODUCTS_DIR; };
		C851070CFE46C957B70BA9E3 /* Pods-Pocket NoteUITests.debug.xcconfig */ = {isa = PBXFileReference; includeInIndex = 1; lastKnownFileType = text.xcconfig; name = "Pods-Pocket NoteUITests.debug.xcconfig"; path = "Pods/Target Support Files/Pods-Pocket NoteUITests/Pods-Pocket NoteUITests.debug.xcconfig"; sourceTree = "<group>"; };
/* End PBXFileReference section */

/* Begin PBXFrameworksBuildPhase section */
		00A66C971E89F95200924C34 /* Frameworks */ = {
			isa = PBXFrameworksBuildPhase;
			buildActionMask = 2147483647;
			files = (
				BF4907B536DD2FF1698A9E09 /* Pods_Pocket_Note.framework in Frameworks */,
			);
			runOnlyForDeploymentPostprocessing = 0;
		};
		00A66CAB1E89F95200924C34 /* Frameworks */ = {
			isa = PBXFrameworksBuildPhase;
			buildActionMask = 2147483647;
			files = (
				B87E50F0520B752C750DA85D /* Pods_Pocket_NoteTests.framework in Frameworks */,
			);
			runOnlyForDeploymentPostprocessing = 0;
		};
		00A66CB61E89F95200924C34 /* Frameworks */ = {
			isa = PBXFrameworksBuildPhase;
			buildActionMask = 2147483647;
			files = (
				95883121EF813807E5E0F157 /* Pods_Pocket_NoteUITests.framework in Frameworks */,
			);
			runOnlyForDeploymentPostprocessing = 0;
		};
/* End PBXFrameworksBuildPhase section */

/* Begin PBXGroup section */
		001D03451EB03D4000B627D2 /* Views */ = {
			isa = PBXGroup;
			children = (
				00A66CD61E8A002F00924C34 /* PNNotesFeedView.swift */,
				00A66CD81E8A03B200924C34 /* PNNotesFeedTableViewCell.swift */,
				00A66CDA1E8A049600924C34 /* PNNotesFeedCollectionViewCell.swift */,
			);
			name = Views;
			sourceTree = "<group>";
		};
		001D03461EB03D5200B627D2 /* View Controllers */ = {
			isa = PBXGroup;
			children = (
				00A66CD01E89FBA900924C34 /* PNNotesFeedViewController.swift */,
			);
			name = "View Controllers";
			sourceTree = "<group>";
		};
		00231BE21E9B90B100DEBBF5 /* Models */ = {
			isa = PBXGroup;
			children = (
				00231BE31E9B91F000DEBBF5 /* Note.swift */,
				00231BE51E9B929800DEBBF5 /* Notebook.swift */,
				00CD5A821E9C5D87009F9569 /* Account.swift */,
			);
			name = Models;
			sourceTree = "<group>";
		};
		0036F5891EB81D7400D19F75 /* View Controllers */ = {
			isa = PBXGroup;
			children = (
				0036F5851EB81D1E00D19F75 /* PNNotebooksListViewController.swift */,
			);
			name = "View Controllers";
			sourceTree = "<group>";
		};
		0036F58A1EB81D7D00D19F75 /* View */ = {
			isa = PBXGroup;
			children = (
				0036F58D1EB81E0C00D19F75 /* PNNotebooksListView.swift */,
			);
			name = View;
			sourceTree = "<group>";
		};
		0036F58B1EB81D8800D19F75 /* Web Services */ = {
			isa = PBXGroup;
			children = (
			);
			name = "Web Services";
			sourceTree = "<group>";
		};
		0036F58C1EB81D9000D19F75 /* Nibs */ = {
			isa = PBXGroup;
			children = (
				0036F5861EB81D1E00D19F75 /* PNNotebooksListView.xib */,
			);
			name = Nibs;
			sourceTree = "<group>";
		};
		0054AC3C1ECA7D5800F5BE96 /* Operations */ = {
			isa = PBXGroup;
			children = (
				0054AC3D1ECA7D6700F5BE96 /* Network */,
			);
			name = Operations;
			sourceTree = "<group>";
		};
		0054AC3D1ECA7D6700F5BE96 /* Network */ = {
			isa = PBXGroup;
			children = (
				0054AC3E1ECA8CF300F5BE96 /* ASNetworkAvailabilityCondition.swift */,
			);
			name = Network;
			sourceTree = "<group>";
		};
		008674781EC987C9008C6295 /* Operations */ = {
			isa = PBXGroup;
			children = (
				008674791EC987D3008C6295 /* Network */,
			);
			name = Operations;
			sourceTree = "<group>";
		};
		008674791EC987D3008C6295 /* Network */ = {
			isa = PBXGroup;
			children = (
			);
			name = Network;
			sourceTree = "<group>";
		};
		009E5A941EB18602001F4889 /* Account */ = {
			isa = PBXGroup;
			children = (
				009E5A971EB18621001F4889 /* Passcode */,
				009E5A961EB18614001F4889 /* Registration */,
				009E5A951EB1860B001F4889 /* Login */,
			);
			name = Account;
			sourceTree = "<group>";
		};
		009E5A951EB1860B001F4889 /* Login */ = {
			isa = PBXGroup;
			children = (
				009E5AAA1EB1A92E001F4889 /* View Controllers */,
				009E5AA91EB1A919001F4889 /* Views */,
				009E5AAD1EB1A952001F4889 /* Nibs */,
			);
			name = Login;
			sourceTree = "<group>";
		};
		009E5A961EB18614001F4889 /* Registration */ = {
			isa = PBXGroup;
			children = (
				009E5AB71EB1B36B001F4889 /* Controllers */,
				009E5AB81EB1B376001F4889 /* Views */,
				009E5AB91EB1B37F001F4889 /* Nibs */,
			);
			name = Registration;
			sourceTree = "<group>";
		};
		009E5A971EB18621001F4889 /* Passcode */ = {
			isa = PBXGroup;
			children = (
				009E5AA61EB1A5E2001F4889 /* Protocols */,
				009E5A991EB18630001F4889 /* Nibs */,
				009E5A981EB18628001F4889 /* Views */,
				009E5A9A1EB18634001F4889 /* View Controllers */,
			);
			name = Passcode;
			sourceTree = "<group>";
		};
		009E5A981EB18628001F4889 /* Views */ = {
			isa = PBXGroup;
			children = (
				009E5AA11EB18E40001F4889 /* PNPasscodeView.swift */,
			);
			name = Views;
			sourceTree = "<group>";
		};
		009E5A991EB18630001F4889 /* Nibs */ = {
			isa = PBXGroup;
			children = (
				009E5A9B1EB1865E001F4889 /* PNPasscodeView.xib */,
			);
			name = Nibs;
			sourceTree = "<group>";
		};
		009E5A9A1EB18634001F4889 /* View Controllers */ = {
			isa = PBXGroup;
			children = (
				009E5AA31EB18E76001F4889 /* PNPasscodeViewController.swift */,
			);
			name = "View Controllers";
			sourceTree = "<group>";
		};
		009E5AA51EB18E83001F4889 /* View Controllers */ = {
			isa = PBXGroup;
			children = (
				00AE74AE1E8CECC00081C35C /* PNCreateNoteViewController.swift */,
			);
			name = "View Controllers";
			sourceTree = "<group>";
		};
		009E5AA61EB1A5E2001F4889 /* Protocols */ = {
			isa = PBXGroup;
			children = (
				009E5AA71EB1A66F001F4889 /* PNNavigationBarProtocol.swift */,
			);
			name = Protocols;
			sourceTree = "<group>";
		};
		009E5AA91EB1A919001F4889 /* Views */ = {
			isa = PBXGroup;
			children = (
				009E5AB01EB1AEA2001F4889 /* PNLoginView.swift */,
			);
			name = Views;
			sourceTree = "<group>";
		};
		009E5AAA1EB1A92E001F4889 /* View Controllers */ = {
			isa = PBXGroup;
			children = (
				009E5AB21EB1AF34001F4889 /* PNLoginViewController.swift */,
			);
			name = "View Controllers";
			sourceTree = "<group>";
		};
		009E5AAD1EB1A952001F4889 /* Nibs */ = {
			isa = PBXGroup;
			children = (
				009E5AAE1EB1AB1F001F4889 /* PNLoginView.xib */,
			);
			name = Nibs;
			sourceTree = "<group>";
		};
		009E5AB71EB1B36B001F4889 /* Controllers */ = {
			isa = PBXGroup;
			children = (
				009E5ABA1EB1B3B6001F4889 /* PNRegistrationViewController.swift */,
			);
			name = Controllers;
			sourceTree = "<group>";
		};
		009E5AB81EB1B376001F4889 /* Views */ = {
			isa = PBXGroup;
			children = (
				009E5ABE1EB1B44E001F4889 /* PNRegistrationView.swift */,
			);
			name = Views;
			sourceTree = "<group>";
		};
		009E5AB91EB1B37F001F4889 /* Nibs */ = {
			isa = PBXGroup;
			children = (
				009E5ABC1EB1B3D3001F4889 /* PNRegistrationView.xib */,
			);
			name = Nibs;
			sourceTree = "<group>";
		};
		00A66C911E89F95200924C34 = {
			isa = PBXGroup;
			children = (
				00A66C9C1E89F95200924C34 /* Pocket Note */,
				00A66CB11E89F95200924C34 /* Pocket NoteTests */,
				00A66CBC1E89F95200924C34 /* Pocket NoteUITests */,
				00A66C9B1E89F95200924C34 /* Products */,
				E26EE424D9988CD9973D48AA /* Pods */,
				7577D1F7A76539CC8B194F90 /* Frameworks */,
			);
			sourceTree = "<group>";
		};
		00A66C9B1E89F95200924C34 /* Products */ = {
			isa = PBXGroup;
			children = (
				00A66C9A1E89F95200924C34 /* Pocket Note.app */,
				00A66CAE1E89F95200924C34 /* Pocket NoteTests.xctest */,
				00A66CB91E89F95200924C34 /* Pocket NoteUITests.xctest */,
			);
			name = Products;
			sourceTree = "<group>";
		};
		00A66C9C1E89F95200924C34 /* Pocket Note */ = {
			isa = PBXGroup;
			children = (
				008674781EC987C9008C6295 /* Operations */,
				00231BE21E9B90B100DEBBF5 /* Models */,
				00F611E41EB061D6000160BA /* Storyboards */,
				00AE74761E8CE4650081C35C /* Resources */,
				0054AC3C1ECA7D5800F5BE96 /* Operations */,
				00A66CCB1E89F95C00924C34 /* Modules */,
				00A66C9D1E89F95200924C34 /* AppDelegate.swift */,
				00A66C9F1E89F95200924C34 /* ViewController.swift */,
				00A66CA41E89F95200924C34 /* Assets.xcassets */,
				00A66CA61E89F95200924C34 /* LaunchScreen.storyboard */,
				00A66CA91E89F95200924C34 /* Info.plist */,
			);
			path = "Pocket Note";
			sourceTree = "<group>";
		};
		00A66CB11E89F95200924C34 /* Pocket NoteTests */ = {
			isa = PBXGroup;
			children = (
				00D028231EBFFB38000E8B25 /* Modules */,
				00CD5A841E9C5EDC009F9569 /* Models */,
				00A66CB21E89F95200924C34 /* Pocket_NoteTests.swift */,
				00A66CB41E89F95200924C34 /* Info.plist */,
			);
			path = "Pocket NoteTests";
			sourceTree = "<group>";
		};
		00A66CBC1E89F95200924C34 /* Pocket NoteUITests */ = {
			isa = PBXGroup;
			children = (
				00A66CBD1E89F95200924C34 /* Pocket_NoteUITests.swift */,
				00A66CBF1E89F95200924C34 /* Info.plist */,
			);
			path = "Pocket NoteUITests";
			sourceTree = "<group>";
		};
		00A66CCB1E89F95C00924C34 /* Modules */ = {
			isa = PBXGroup;
			children = (
				009E5A941EB18602001F4889 /* Account */,
				00F611D71EB05E86000160BA /* Settings */,
				00F611D61EB04339000160BA /* Notebooks */,
				00F611D51EB0432E000160BA /* Notes */,
			);
			name = Modules;
			sourceTree = "<group>";
		};
		00A66CCC1E89F96B00924C34 /* Notes Feed */ = {
			isa = PBXGroup;
			children = (
				001D03461EB03D5200B627D2 /* View Controllers */,
				001D03451EB03D4000B627D2 /* Views */,
				00AE74721E8CE1D40081C35C /* Nibs */,
			);
			name = "Notes Feed";
			sourceTree = "<group>";
		};
		00AE74711E8CDE200081C35C /* Create Note */ = {
			isa = PBXGroup;
			children = (
				009E5AA51EB18E83001F4889 /* View Controllers */,
				00F611E31EB05FD4000160BA /* Nibs */,
				00AE74731E8CE2C80081C35C /* Views */,
			);
			name = "Create Note";
			sourceTree = "<group>";
		};
		00AE74721E8CE1D40081C35C /* Nibs */ = {
			isa = PBXGroup;
			children = (
				00A66CCE1E89F9EE00924C34 /* PNNotesFeedView.xib */,
				00A66CD21E89FC6100924C34 /* PNNotesFeedTableViewCell.xib */,
				00A66CD41E89FF0A00924C34 /* PNNotesFeedCollectionViewCell.xib */,
			);
			name = Nibs;
			sourceTree = "<group>";
		};
		00AE74731E8CE2C80081C35C /* Views */ = {
			isa = PBXGroup;
			children = (
				00AE74B01E8CECE90081C35C /* PNCreateNoteView.swift */,
			);
			name = Views;
			sourceTree = "<group>";
		};
		00AE74761E8CE4650081C35C /* Resources */ = {
			isa = PBXGroup;
			children = (
				00AE74771E8CE46F0081C35C /* Fonts */,
			);
			name = Resources;
			sourceTree = "<group>";
		};
		00AE74771E8CE46F0081C35C /* Fonts */ = {
			isa = PBXGroup;
			children = (
				00AE748A1E8CE4C10081C35C /* Lato-Black.ttf */,
				00AE748B1E8CE4C10081C35C /* Lato-BlackItalic.ttf */,
				00AE748C1E8CE4C10081C35C /* Lato-Bold.ttf */,
				00AE748D1E8CE4C10081C35C /* Lato-BoldItalic.ttf */,
				00AE748E1E8CE4C10081C35C /* Lato-Hairline.ttf */,
				00AE748F1E8CE4C10081C35C /* Lato-HairlineItalic.ttf */,
				00AE74901E8CE4C10081C35C /* Lato-Heavy.ttf */,
				00AE74911E8CE4C10081C35C /* Lato-HeavyItalic.ttf */,
				00AE74921E8CE4C10081C35C /* Lato-Italic.ttf */,
				00AE74931E8CE4C10081C35C /* Lato-Light.ttf */,
				00AE74941E8CE4C10081C35C /* Lato-LightItalic.ttf */,
				00AE74951E8CE4C10081C35C /* Lato-Medium.ttf */,
				00AE74961E8CE4C10081C35C /* Lato-MediumItalic.ttf */,
				00AE74971E8CE4C10081C35C /* Lato-Regular.ttf */,
				00AE74981E8CE4C10081C35C /* Lato-Semibold.ttf */,
				00AE74991E8CE4C10081C35C /* Lato-SemiboldItalic.ttf */,
				00AE749A1E8CE4C10081C35C /* Lato-Thin.ttf */,
				00AE749B1E8CE4C10081C35C /* Lato-ThinItalic.ttf */,
			);
			name = Fonts;
			sourceTree = "<group>";
		};
		00CD5A841E9C5EDC009F9569 /* Models */ = {
			isa = PBXGroup;
			children = (
				00CD5A871E9C613D009F9569 /* NoteModelQuickSpec.swift */,
				00CD5A891E9C78BE009F9569 /* NotebookQuickSpec.swift */,
				00CD5A8B1E9C7D96009F9569 /* AccountModelQuickSpec.swift */,
			);
			name = Models;
			sourceTree = "<group>";
		};
		00D028231EBFFB38000E8B25 /* Modules */ = {
			isa = PBXGroup;
			children = (
				00D028251EBFFB53000E8B25 /* Registration */,
				00D028241EBFFB4E000E8B25 /* Login */,
			);
			name = Modules;
			sourceTree = "<group>";
		};
		00D028241EBFFB4E000E8B25 /* Login */ = {
			isa = PBXGroup;
			children = (
				00D028261EC00351000E8B25 /* LoginQuickSpec.swift */,
			);
			name = Login;
			sourceTree = "<group>";
		};
		00D028251EBFFB53000E8B25 /* Registration */ = {
			isa = PBXGroup;
			children = (
				00B0C8471EC193890061F5E8 /* RegistrationQuickSpec.swift */,
			);
			name = Registration;
			sourceTree = "<group>";
		};
		00F611D51EB0432E000160BA /* Notes */ = {
			isa = PBXGroup;
			children = (
				00AE74711E8CDE200081C35C /* Create Note */,
				00A66CCC1E89F96B00924C34 /* Notes Feed */,
			);
			name = Notes;
			sourceTree = "<group>";
		};
		00F611D61EB04339000160BA /* Notebooks */ = {
			isa = PBXGroup;
			children = (
				0036F58C1EB81D9000D19F75 /* Nibs */,
				0036F58B1EB81D8800D19F75 /* Web Services */,
				0036F5891EB81D7400D19F75 /* View Controllers */,
				0036F58A1EB81D7D00D19F75 /* View */,
			);
			name = Notebooks;
			sourceTree = "<group>";
		};
		00F611D71EB05E86000160BA /* Settings */ = {
			isa = PBXGroup;
			children = (
				00F611D81EB05E8E000160BA /* Side Menu */,
			);
			name = Settings;
			sourceTree = "<group>";
		};
		00F611D81EB05E8E000160BA /* Side Menu */ = {
			isa = PBXGroup;
			children = (
				00F611DB1EB05EA7000160BA /* Web Services */,
				00F611DA1EB05EA0000160BA /* View Controllers */,
				00F611D91EB05E9C000160BA /* View */,
				00F611DE1EB05F05000160BA /* Nibs */,
			);
			name = "Side Menu";
			sourceTree = "<group>";
		};
		00F611D91EB05E9C000160BA /* View */ = {
			isa = PBXGroup;
			children = (
				00F611DF1EB05F7B000160BA /* PNSideMenuView.swift */,
			);
			name = View;
			sourceTree = "<group>";
		};
		00F611DA1EB05EA0000160BA /* View Controllers */ = {
			isa = PBXGroup;
			children = (
				00F611E11EB05FC3000160BA /* PNSideMenuViewController.swift */,
			);
			name = "View Controllers";
			sourceTree = "<group>";
		};
		00F611DB1EB05EA7000160BA /* Web Services */ = {
			isa = PBXGroup;
			children = (
			);
			name = "Web Services";
			sourceTree = "<group>";
		};
		00F611DE1EB05F05000160BA /* Nibs */ = {
			isa = PBXGroup;
			children = (
				00F611DC1EB05EE0000160BA /* PNSideMenuView.xib */,
			);
			name = Nibs;
			sourceTree = "<group>";
		};
		00F611E31EB05FD4000160BA /* Nibs */ = {
			isa = PBXGroup;
			children = (
				00AE74741E8CE30A0081C35C /* PNCreateNoteView.xib */,
			);
			name = Nibs;
			sourceTree = "<group>";
		};
		00F611E41EB061D6000160BA /* Storyboards */ = {
			isa = PBXGroup;
			children = (
				00A66CA11E89F95200924C34 /* Main.storyboard */,
				009E5AB41EB1AF72001F4889 /* Login.storyboard */,
			);
			name = Storyboards;
			sourceTree = "<group>";
		};
		7577D1F7A76539CC8B194F90 /* Frameworks */ = {
			isa = PBXGroup;
			children = (
				1F8D4A68C973EF47B60B880D /* Pods_Pocket_Note.framework */,
				7D6E55A9B49609287D447E6A /* Pods_Pocket_NoteTests.framework */,
				B16B268962CE95BA953B08CA /* Pods_Pocket_NoteUITests.framework */,
			);
			name = Frameworks;
			sourceTree = "<group>";
		};
		E26EE424D9988CD9973D48AA /* Pods */ = {
			isa = PBXGroup;
			children = (
				6ACCCBEE7F4C74014AA7D9A7 /* Pods-Pocket Note.debug.xcconfig */,
				854B3F2C13D73790DC18316B /* Pods-Pocket Note.release.xcconfig */,
				34464E6B4829A69B8689C7D5 /* Pods-Pocket NoteTests.debug.xcconfig */,
				58194ADA537358297BCCBFBB /* Pods-Pocket NoteTests.release.xcconfig */,
				C851070CFE46C957B70BA9E3 /* Pods-Pocket NoteUITests.debug.xcconfig */,
				01BF788A29D5A4B994FE7DF5 /* Pods-Pocket NoteUITests.release.xcconfig */,
			);
			name = Pods;
			sourceTree = "<group>";
		};
/* End PBXGroup section */

/* Begin PBXNativeTarget section */
		00A66C991E89F95200924C34 /* Pocket Note */ = {
			isa = PBXNativeTarget;
			buildConfigurationList = 00A66CC21E89F95200924C34 /* Build configuration list for PBXNativeTarget "Pocket Note" */;
			buildPhases = (
				3A2BADE7D72D21642C376925 /* [CP] Check Pods Manifest.lock */,
				00A66C961E89F95200924C34 /* Sources */,
				00A66C971E89F95200924C34 /* Frameworks */,
				00A66C981E89F95200924C34 /* Resources */,
				75316BA9BAFB007330459B76 /* [CP] Embed Pods Frameworks */,
				2F122900737A375D52238D69 /* [CP] Copy Pods Resources */,
				006A78A11E9CC2C900B93BEF /* ShellScript */,
			);
			buildRules = (
			);
			dependencies = (
			);
			name = "Pocket Note";
			productName = "Pocket Note";
			productReference = 00A66C9A1E89F95200924C34 /* Pocket Note.app */;
			productType = "com.apple.product-type.application";
		};
		00A66CAD1E89F95200924C34 /* Pocket NoteTests */ = {
			isa = PBXNativeTarget;
			buildConfigurationList = 00A66CC51E89F95200924C34 /* Build configuration list for PBXNativeTarget "Pocket NoteTests" */;
			buildPhases = (
				F32708C624406B2E1F087DBB /* [CP] Check Pods Manifest.lock */,
				00A66CAA1E89F95200924C34 /* Sources */,
				00A66CAB1E89F95200924C34 /* Frameworks */,
				00A66CAC1E89F95200924C34 /* Resources */,
				1E1AFA5495BDC1826B9D856C /* [CP] Embed Pods Frameworks */,
				503714BD915F66E44F9CA3C5 /* [CP] Copy Pods Resources */,
			);
			buildRules = (
			);
			dependencies = (
				00A66CB01E89F95200924C34 /* PBXTargetDependency */,
			);
			name = "Pocket NoteTests";
			productName = "Pocket NoteTests";
			productReference = 00A66CAE1E89F95200924C34 /* Pocket NoteTests.xctest */;
			productType = "com.apple.product-type.bundle.unit-test";
		};
		00A66CB81E89F95200924C34 /* Pocket NoteUITests */ = {
			isa = PBXNativeTarget;
			buildConfigurationList = 00A66CC81E89F95200924C34 /* Build configuration list for PBXNativeTarget "Pocket NoteUITests" */;
			buildPhases = (
				EE8B62569CA71B7952BEDFD2 /* [CP] Check Pods Manifest.lock */,
				00A66CB51E89F95200924C34 /* Sources */,
				00A66CB61E89F95200924C34 /* Frameworks */,
				00A66CB71E89F95200924C34 /* Resources */,
				EB42702DA089C5A2A7343EF3 /* [CP] Embed Pods Frameworks */,
				08594162C22640F67172E5C6 /* [CP] Copy Pods Resources */,
			);
			buildRules = (
			);
			dependencies = (
				00A66CBB1E89F95200924C34 /* PBXTargetDependency */,
			);
			name = "Pocket NoteUITests";
			productName = "Pocket NoteUITests";
			productReference = 00A66CB91E89F95200924C34 /* Pocket NoteUITests.xctest */;
			productType = "com.apple.product-type.bundle.ui-testing";
		};
/* End PBXNativeTarget section */

/* Begin PBXProject section */
		00A66C921E89F95200924C34 /* Project object */ = {
			isa = PBXProject;
			attributes = {
				LastSwiftUpdateCheck = 0820;
				LastUpgradeCheck = 0830;
				ORGANIZATIONNAME = "Mary Alexis Solis";
				TargetAttributes = {
					00A66C991E89F95200924C34 = {
						CreatedOnToolsVersion = 8.2.1;
						DevelopmentTeam = 9926J9ME2U;
						ProvisioningStyle = Automatic;
					};
					00A66CAD1E89F95200924C34 = {
						CreatedOnToolsVersion = 8.2.1;
						DevelopmentTeam = 9926J9ME2U;
						ProvisioningStyle = Automatic;
						TestTargetID = 00A66C991E89F95200924C34;
					};
					00A66CB81E89F95200924C34 = {
						CreatedOnToolsVersion = 8.2.1;
						DevelopmentTeam = 9926J9ME2U;
						ProvisioningStyle = Automatic;
						TestTargetID = 00A66C991E89F95200924C34;
					};
				};
			};
			buildConfigurationList = 00A66C951E89F95200924C34 /* Build configuration list for PBXProject "Pocket Note" */;
			compatibilityVersion = "Xcode 3.2";
			developmentRegion = English;
			hasScannedForEncodings = 0;
			knownRegions = (
				en,
				Base,
			);
			mainGroup = 00A66C911E89F95200924C34;
			productRefGroup = 00A66C9B1E89F95200924C34 /* Products */;
			projectDirPath = "";
			projectRoot = "";
			targets = (
				00A66C991E89F95200924C34 /* Pocket Note */,
				00A66CAD1E89F95200924C34 /* Pocket NoteTests */,
				00A66CB81E89F95200924C34 /* Pocket NoteUITests */,
			);
		};
/* End PBXProject section */

/* Begin PBXResourcesBuildPhase section */
		00A66C981E89F95200924C34 /* Resources */ = {
			isa = PBXResourcesBuildPhase;
			buildActionMask = 2147483647;
			files = (
				00AE749C1E8CE8A50081C35C /* Lato-Black.ttf in Resources */,
				009E5ABD1EB1B3D3001F4889 /* PNRegistrationView.xib in Resources */,
				00AE749D1E8CE8A50081C35C /* Lato-BlackItalic.ttf in Resources */,
				00AE749E1E8CE8A50081C35C /* Lato-Bold.ttf in Resources */,
				00AE749F1E8CE8A50081C35C /* Lato-BoldItalic.ttf in Resources */,
				00AE74A01E8CE8A50081C35C /* Lato-Hairline.ttf in Resources */,
				00AE74A11E8CE8A50081C35C /* Lato-HairlineItalic.ttf in Resources */,
				00AE74A21E8CE8A50081C35C /* Lato-Heavy.ttf in Resources */,
				00AE74A31E8CE8A50081C35C /* Lato-HeavyItalic.ttf in Resources */,
				00AE74A41E8CE8A50081C35C /* Lato-Italic.ttf in Resources */,
				00AE74A51E8CE8A50081C35C /* Lato-Light.ttf in Resources */,
				009E5AAF1EB1AB1F001F4889 /* PNLoginView.xib in Resources */,
				00AE74A61E8CE8A50081C35C /* Lato-LightItalic.ttf in Resources */,
				00AE74A71E8CE8A50081C35C /* Lato-Medium.ttf in Resources */,
				00AE74A81E8CE8A50081C35C /* Lato-MediumItalic.ttf in Resources */,
				00AE74A91E8CE8A50081C35C /* Lato-Regular.ttf in Resources */,
				00AE74AA1E8CE8A50081C35C /* Lato-Semibold.ttf in Resources */,
				00AE74AB1E8CE8A50081C35C /* Lato-SemiboldItalic.ttf in Resources */,
				00AE74AC1E8CE8A50081C35C /* Lato-Thin.ttf in Resources */,
				00AE74AD1E8CE8A50081C35C /* Lato-ThinItalic.ttf in Resources */,
				009E5A9C1EB1865E001F4889 /* PNPasscodeView.xib in Resources */,
				00F611DD1EB05EE0000160BA /* PNSideMenuView.xib in Resources */,
				00A66CA81E89F95200924C34 /* LaunchScreen.storyboard in Resources */,
				00A66CA51E89F95200924C34 /* Assets.xcassets in Resources */,
				0036F5881EB81D1E00D19F75 /* PNNotebooksListView.xib in Resources */,
				00AE74751E8CE30A0081C35C /* PNCreateNoteView.xib in Resources */,
				009E5AB61EB1AF72001F4889 /* Login.storyboard in Resources */,
				00A66CD31E89FC6100924C34 /* PNNotesFeedTableViewCell.xib in Resources */,
				00A66CCF1E89F9EE00924C34 /* PNNotesFeedView.xib in Resources */,
				00A66CD51E89FF0A00924C34 /* PNNotesFeedCollectionViewCell.xib in Resources */,
				00A66CA31E89F95200924C34 /* Main.storyboard in Resources */,
			);
			runOnlyForDeploymentPostprocessing = 0;
		};
		00A66CAC1E89F95200924C34 /* Resources */ = {
			isa = PBXResourcesBuildPhase;
			buildActionMask = 2147483647;
			files = (
			);
			runOnlyForDeploymentPostprocessing = 0;
		};
		00A66CB71E89F95200924C34 /* Resources */ = {
			isa = PBXResourcesBuildPhase;
			buildActionMask = 2147483647;
			files = (
			);
			runOnlyForDeploymentPostprocessing = 0;
		};
/* End PBXResourcesBuildPhase section */

/* Begin PBXShellScriptBuildPhase section */
		006A78A11E9CC2C900B93BEF /* ShellScript */ = {
			isa = PBXShellScriptBuildPhase;
			buildActionMask = 2147483647;
			files = (
			);
			inputPaths = (
			);
			outputPaths = (
			);
			runOnlyForDeploymentPostprocessing = 0;
			shellPath = /bin/sh;
			shellScript = "\"${PODS_ROOT}/SwiftLint/swiftlint\"";
		};
		08594162C22640F67172E5C6 /* [CP] Copy Pods Resources */ = {
			isa = PBXShellScriptBuildPhase;
			buildActionMask = 2147483647;
			files = (
			);
			inputPaths = (
			);
			name = "[CP] Copy Pods Resources";
			outputPaths = (
			);
			runOnlyForDeploymentPostprocessing = 0;
			shellPath = /bin/sh;
			shellScript = "\"${SRCROOT}/Pods/Target Support Files/Pods-Pocket NoteUITests/Pods-Pocket NoteUITests-resources.sh\"\n";
			showEnvVarsInLog = 0;
		};
		1E1AFA5495BDC1826B9D856C /* [CP] Embed Pods Frameworks */ = {
			isa = PBXShellScriptBuildPhase;
			buildActionMask = 2147483647;
			files = (
			);
			inputPaths = (
			);
			name = "[CP] Embed Pods Frameworks";
			outputPaths = (
			);
			runOnlyForDeploymentPostprocessing = 0;
			shellPath = /bin/sh;
			shellScript = "\"${SRCROOT}/Pods/Target Support Files/Pods-Pocket NoteTests/Pods-Pocket NoteTests-frameworks.sh\"\n";
			showEnvVarsInLog = 0;
		};
		2F122900737A375D52238D69 /* [CP] Copy Pods Resources */ = {
			isa = PBXShellScriptBuildPhase;
			buildActionMask = 2147483647;
			files = (
			);
			inputPaths = (
			);
			name = "[CP] Copy Pods Resources";
			outputPaths = (
			);
			runOnlyForDeploymentPostprocessing = 0;
			shellPath = /bin/sh;
			shellScript = "\"${SRCROOT}/Pods/Target Support Files/Pods-Pocket Note/Pods-Pocket Note-resources.sh\"\n";
			showEnvVarsInLog = 0;
		};
		3A2BADE7D72D21642C376925 /* [CP] Check Pods Manifest.lock */ = {
			isa = PBXShellScriptBuildPhase;
			buildActionMask = 2147483647;
			files = (
			);
			inputPaths = (
			);
			name = "[CP] Check Pods Manifest.lock";
			outputPaths = (
			);
			runOnlyForDeploymentPostprocessing = 0;
			shellPath = /bin/sh;
			shellScript = "diff \"${PODS_ROOT}/../Podfile.lock\" \"${PODS_ROOT}/Manifest.lock\" > /dev/null\nif [ $? != 0 ] ; then\n    # print error to STDERR\n    echo \"error: The sandbox is not in sync with the Podfile.lock. Run 'pod install' or update your CocoaPods installation.\" >&2\n    exit 1\nfi\n";
			showEnvVarsInLog = 0;
		};
		503714BD915F66E44F9CA3C5 /* [CP] Copy Pods Resources */ = {
			isa = PBXShellScriptBuildPhase;
			buildActionMask = 2147483647;
			files = (
			);
			inputPaths = (
			);
			name = "[CP] Copy Pods Resources";
			outputPaths = (
			);
			runOnlyForDeploymentPostprocessing = 0;
			shellPath = /bin/sh;
			shellScript = "\"${SRCROOT}/Pods/Target Support Files/Pods-Pocket NoteTests/Pods-Pocket NoteTests-resources.sh\"\n";
			showEnvVarsInLog = 0;
		};
		75316BA9BAFB007330459B76 /* [CP] Embed Pods Frameworks */ = {
			isa = PBXShellScriptBuildPhase;
			buildActionMask = 2147483647;
			files = (
			);
			inputPaths = (
			);
			name = "[CP] Embed Pods Frameworks";
			outputPaths = (
			);
			runOnlyForDeploymentPostprocessing = 0;
			shellPath = /bin/sh;
			shellScript = "\"${SRCROOT}/Pods/Target Support Files/Pods-Pocket Note/Pods-Pocket Note-frameworks.sh\"\n";
			showEnvVarsInLog = 0;
		};
		EB42702DA089C5A2A7343EF3 /* [CP] Embed Pods Frameworks */ = {
			isa = PBXShellScriptBuildPhase;
			buildActionMask = 2147483647;
			files = (
			);
			inputPaths = (
			);
			name = "[CP] Embed Pods Frameworks";
			outputPaths = (
			);
			runOnlyForDeploymentPostprocessing = 0;
			shellPath = /bin/sh;
			shellScript = "\"${SRCROOT}/Pods/Target Support Files/Pods-Pocket NoteUITests/Pods-Pocket NoteUITests-frameworks.sh\"\n";
			showEnvVarsInLog = 0;
		};
		EE8B62569CA71B7952BEDFD2 /* [CP] Check Pods Manifest.lock */ = {
			isa = PBXShellScriptBuildPhase;
			buildActionMask = 2147483647;
			files = (
			);
			inputPaths = (
			);
			name = "[CP] Check Pods Manifest.lock";
			outputPaths = (
			);
			runOnlyForDeploymentPostprocessing = 0;
			shellPath = /bin/sh;
			shellScript = "diff \"${PODS_ROOT}/../Podfile.lock\" \"${PODS_ROOT}/Manifest.lock\" > /dev/null\nif [ $? != 0 ] ; then\n    # print error to STDERR\n    echo \"error: The sandbox is not in sync with the Podfile.lock. Run 'pod install' or update your CocoaPods installation.\" >&2\n    exit 1\nfi\n";
			showEnvVarsInLog = 0;
		};
		F32708C624406B2E1F087DBB /* [CP] Check Pods Manifest.lock */ = {
			isa = PBXShellScriptBuildPhase;
			buildActionMask = 2147483647;
			files = (
			);
			inputPaths = (
			);
			name = "[CP] Check Pods Manifest.lock";
			outputPaths = (
			);
			runOnlyForDeploymentPostprocessing = 0;
			shellPath = /bin/sh;
			shellScript = "diff \"${PODS_ROOT}/../Podfile.lock\" \"${PODS_ROOT}/Manifest.lock\" > /dev/null\nif [ $? != 0 ] ; then\n    # print error to STDERR\n    echo \"error: The sandbox is not in sync with the Podfile.lock. Run 'pod install' or update your CocoaPods installation.\" >&2\n    exit 1\nfi\n";
			showEnvVarsInLog = 0;
		};
/* End PBXShellScriptBuildPhase section */

/* Begin PBXSourcesBuildPhase section */
		00A66C961E89F95200924C34 /* Sources */ = {
			isa = PBXSourcesBuildPhase;
			buildActionMask = 2147483647;
			files = (
				009E5ABB1EB1B3B6001F4889 /* PNRegistrationViewController.swift in Sources */,
				00A66CA01E89F95200924C34 /* ViewController.swift in Sources */,
				00CD5A831E9C5D87009F9569 /* Account.swift in Sources */,
				009E5ABF1EB1B44E001F4889 /* PNRegistrationView.swift in Sources */,
				009E5AA41EB18E76001F4889 /* PNPasscodeViewController.swift in Sources */,
				00A66CD11E89FBA900924C34 /* PNNotesFeedViewController.swift in Sources */,
				00A66CDB1E8A049600924C34 /* PNNotesFeedCollectionViewCell.swift in Sources */,
				00A66CD71E8A002F00924C34 /* PNNotesFeedView.swift in Sources */,
				009E5AB31EB1AF34001F4889 /* PNLoginViewController.swift in Sources */,
				009E5AB11EB1AEA2001F4889 /* PNLoginView.swift in Sources */,
				009E5AA81EB1A66F001F4889 /* PNNavigationBarProtocol.swift in Sources */,
				00231BE61E9B929800DEBBF5 /* Notebook.swift in Sources */,
				00AE74B11E8CECE90081C35C /* PNCreateNoteView.swift in Sources */,
				00231BE41E9B91F000DEBBF5 /* Note.swift in Sources */,
				0054AC3F1ECA8CF300F5BE96 /* ASNetworkAvailabilityCondition.swift in Sources */,
				0036F58E1EB81E0C00D19F75 /* PNNotebooksListView.swift in Sources */,
				00A66C9E1E89F95200924C34 /* AppDelegate.swift in Sources */,
				00AE74AF1E8CECC00081C35C /* PNCreateNoteViewController.swift in Sources */,
				00F611E21EB05FC3000160BA /* PNSideMenuViewController.swift in Sources */,
				00F611E01EB05F7B000160BA /* PNSideMenuView.swift in Sources */,
				009E5AA21EB18E40001F4889 /* PNPasscodeView.swift in Sources */,
				00A66CD91E8A03B200924C34 /* PNNotesFeedTableViewCell.swift in Sources */,
				0036F5871EB81D1E00D19F75 /* PNNotebooksListViewController.swift in Sources */,
			);
			runOnlyForDeploymentPostprocessing = 0;
		};
		00A66CAA1E89F95200924C34 /* Sources */ = {
			isa = PBXSourcesBuildPhase;
			buildActionMask = 2147483647;
			files = (
				00D028271EC00351000E8B25 /* LoginQuickSpec.swift in Sources */,
				00B0C8481EC193890061F5E8 /* RegistrationQuickSpec.swift in Sources */,
				00CD5A8A1E9C78BE009F9569 /* NotebookQuickSpec.swift in Sources */,
				00A66CB31E89F95200924C34 /* Pocket_NoteTests.swift in Sources */,
				00CD5A881E9C613D009F9569 /* NoteModelQuickSpec.swift in Sources */,
				00CD5A8C1E9C7D96009F9569 /* AccountModelQuickSpec.swift in Sources */,
			);
			runOnlyForDeploymentPostprocessing = 0;
		};
		00A66CB51E89F95200924C34 /* Sources */ = {
			isa = PBXSourcesBuildPhase;
			buildActionMask = 2147483647;
			files = (
				00A66CBE1E89F95200924C34 /* Pocket_NoteUITests.swift in Sources */,
			);
			runOnlyForDeploymentPostprocessing = 0;
		};
/* End PBXSourcesBuildPhase section */

/* Begin PBXTargetDependency section */
		00A66CB01E89F95200924C34 /* PBXTargetDependency */ = {
			isa = PBXTargetDependency;
			target = 00A66C991E89F95200924C34 /* Pocket Note */;
			targetProxy = 00A66CAF1E89F95200924C34 /* PBXContainerItemProxy */;
		};
		00A66CBB1E89F95200924C34 /* PBXTargetDependency */ = {
			isa = PBXTargetDependency;
			target = 00A66C991E89F95200924C34 /* Pocket Note */;
			targetProxy = 00A66CBA1E89F95200924C34 /* PBXContainerItemProxy */;
		};
/* End PBXTargetDependency section */

/* Begin PBXVariantGroup section */
		009E5AB41EB1AF72001F4889 /* Login.storyboard */ = {
			isa = PBXVariantGroup;
			children = (
				009E5AB51EB1AF72001F4889 /* Base */,
			);
			name = Login.storyboard;
			sourceTree = "<group>";
		};
		00A66CA11E89F95200924C34 /* Main.storyboard */ = {
			isa = PBXVariantGroup;
			children = (
				00A66CA21E89F95200924C34 /* Base */,
			);
			name = Main.storyboard;
			sourceTree = "<group>";
		};
		00A66CA61E89F95200924C34 /* LaunchScreen.storyboard */ = {
			isa = PBXVariantGroup;
			children = (
				00A66CA71E89F95200924C34 /* Base */,
			);
			name = LaunchScreen.storyboard;
			sourceTree = "<group>";
		};
/* End PBXVariantGroup section */

/* Begin XCBuildConfiguration section */
		00A66CC01E89F95200924C34 /* Debug */ = {
			isa = XCBuildConfiguration;
			buildSettings = {
				ALWAYS_SEARCH_USER_PATHS = NO;
				CLANG_ANALYZER_NONNULL = YES;
				CLANG_CXX_LANGUAGE_STANDARD = "gnu++0x";
				CLANG_CXX_LIBRARY = "libc++";
				CLANG_ENABLE_MODULES = YES;
				CLANG_ENABLE_OBJC_ARC = YES;
				CLANG_WARN_BOOL_CONVERSION = YES;
				CLANG_WARN_CONSTANT_CONVERSION = YES;
				CLANG_WARN_DIRECT_OBJC_ISA_USAGE = YES_ERROR;
				CLANG_WARN_DOCUMENTATION_COMMENTS = YES;
				CLANG_WARN_EMPTY_BODY = YES;
				CLANG_WARN_ENUM_CONVERSION = YES;
				CLANG_WARN_INFINITE_RECURSION = YES;
				CLANG_WARN_INT_CONVERSION = YES;
				CLANG_WARN_OBJC_ROOT_CLASS = YES_ERROR;
				CLANG_WARN_SUSPICIOUS_MOVE = YES;
				CLANG_WARN_UNREACHABLE_CODE = YES;
				CLANG_WARN__DUPLICATE_METHOD_MATCH = YES;
				"CODE_SIGN_IDENTITY[sdk=iphoneos*]" = "iPhone Developer";
				COPY_PHASE_STRIP = NO;
				DEBUG_INFORMATION_FORMAT = dwarf;
				ENABLE_STRICT_OBJC_MSGSEND = YES;
				ENABLE_TESTABILITY = YES;
				GCC_C_LANGUAGE_STANDARD = gnu99;
				GCC_DYNAMIC_NO_PIC = NO;
				GCC_NO_COMMON_BLOCKS = YES;
				GCC_OPTIMIZATION_LEVEL = 0;
				GCC_PREPROCESSOR_DEFINITIONS = (
					"DEBUG=1",
					"$(inherited)",
				);
				GCC_WARN_64_TO_32_BIT_CONVERSION = YES;
				GCC_WARN_ABOUT_RETURN_TYPE = YES_ERROR;
				GCC_WARN_UNDECLARED_SELECTOR = YES;
				GCC_WARN_UNINITIALIZED_AUTOS = YES_AGGRESSIVE;
				GCC_WARN_UNUSED_FUNCTION = YES;
				GCC_WARN_UNUSED_VARIABLE = YES;
				IPHONEOS_DEPLOYMENT_TARGET = 9.0;
				MTL_ENABLE_DEBUG_INFO = YES;
				ONLY_ACTIVE_ARCH = YES;
				SDKROOT = iphoneos;
				SWIFT_ACTIVE_COMPILATION_CONDITIONS = DEBUG;
				SWIFT_OPTIMIZATION_LEVEL = "-Onone";
				TARGETED_DEVICE_FAMILY = "1,2";
			};
			name = Debug;
		};
		00A66CC11E89F95200924C34 /* Release */ = {
			isa = XCBuildConfiguration;
			buildSettings = {
				ALWAYS_SEARCH_USER_PATHS = NO;
				CLANG_ANALYZER_NONNULL = YES;
				CLANG_CXX_LANGUAGE_STANDARD = "gnu++0x";
				CLANG_CXX_LIBRARY = "libc++";
				CLANG_ENABLE_MODULES = YES;
				CLANG_ENABLE_OBJC_ARC = YES;
				CLANG_WARN_BOOL_CONVERSION = YES;
				CLANG_WARN_CONSTANT_CONVERSION = YES;
				CLANG_WARN_DIRECT_OBJC_ISA_USAGE = YES_ERROR;
				CLANG_WARN_DOCUMENTATION_COMMENTS = YES;
				CLANG_WARN_EMPTY_BODY = YES;
				CLANG_WARN_ENUM_CONVERSION = YES;
				CLANG_WARN_INFINITE_RECURSION = YES;
				CLANG_WARN_INT_CONVERSION = YES;
				CLANG_WARN_OBJC_ROOT_CLASS = YES_ERROR;
				CLANG_WARN_SUSPICIOUS_MOVE = YES;
				CLANG_WARN_UNREACHABLE_CODE = YES;
				CLANG_WARN__DUPLICATE_METHOD_MATCH = YES;
				"CODE_SIGN_IDENTITY[sdk=iphoneos*]" = "iPhone Developer";
				COPY_PHASE_STRIP = NO;
				DEBUG_INFORMATION_FORMAT = "dwarf-with-dsym";
				ENABLE_NS_ASSERTIONS = NO;
				ENABLE_STRICT_OBJC_MSGSEND = YES;
				GCC_C_LANGUAGE_STANDARD = gnu99;
				GCC_NO_COMMON_BLOCKS = YES;
				GCC_WARN_64_TO_32_BIT_CONVERSION = YES;
				GCC_WARN_ABOUT_RETURN_TYPE = YES_ERROR;
				GCC_WARN_UNDECLARED_SELECTOR = YES;
				GCC_WARN_UNINITIALIZED_AUTOS = YES_AGGRESSIVE;
				GCC_WARN_UNUSED_FUNCTION = YES;
				GCC_WARN_UNUSED_VARIABLE = YES;
				IPHONEOS_DEPLOYMENT_TARGET = 9.0;
				MTL_ENABLE_DEBUG_INFO = NO;
				SDKROOT = iphoneos;
				SWIFT_OPTIMIZATION_LEVEL = "-Owholemodule";
				TARGETED_DEVICE_FAMILY = "1,2";
				VALIDATE_PRODUCT = YES;
			};
			name = Release;
		};
		00A66CC31E89F95200924C34 /* Debug */ = {
			isa = XCBuildConfiguration;
			baseConfigurationReference = 6ACCCBEE7F4C74014AA7D9A7 /* Pods-Pocket Note.debug.xcconfig */;
			buildSettings = {
				ALWAYS_EMBED_SWIFT_STANDARD_LIBRARIES = YES;
				ASSETCATALOG_COMPILER_APPICON_NAME = AppIcon;
				DEVELOPMENT_TEAM = 9926J9ME2U;
				INFOPLIST_FILE = "Pocket Note/Info.plist";
				LD_RUNPATH_SEARCH_PATHS = "$(inherited) @executable_path/Frameworks";
				PRODUCT_BUNDLE_IDENTIFIER = "com.solis.mary.alexis.Pocket-Note";
				PRODUCT_NAME = "$(TARGET_NAME)";
				SWIFT_VERSION = 3.0;
				TARGETED_DEVICE_FAMILY = "1,2";
			};
			name = Debug;
		};
		00A66CC41E89F95200924C34 /* Release */ = {
			isa = XCBuildConfiguration;
			baseConfigurationReference = 854B3F2C13D73790DC18316B /* Pods-Pocket Note.release.xcconfig */;
			buildSettings = {
				ALWAYS_EMBED_SWIFT_STANDARD_LIBRARIES = YES;
				ASSETCATALOG_COMPILER_APPICON_NAME = AppIcon;
				DEVELOPMENT_TEAM = 9926J9ME2U;
				INFOPLIST_FILE = "Pocket Note/Info.plist";
				LD_RUNPATH_SEARCH_PATHS = "$(inherited) @executable_path/Frameworks";
				PRODUCT_BUNDLE_IDENTIFIER = "com.solis.mary.alexis.Pocket-Note";
				PRODUCT_NAME = "$(TARGET_NAME)";
				SWIFT_VERSION = 3.0;
				TARGETED_DEVICE_FAMILY = "1,2";
			};
			name = Release;
		};
		00A66CC61E89F95200924C34 /* Debug */ = {
			isa = XCBuildConfiguration;
			baseConfigurationReference = 34464E6B4829A69B8689C7D5 /* Pods-Pocket NoteTests.debug.xcconfig */;
			buildSettings = {
				ALWAYS_EMBED_SWIFT_STANDARD_LIBRARIES = YES;
				BUNDLE_LOADER = "$(TEST_HOST)";
				DEVELOPMENT_TEAM = 9926J9ME2U;
				INFOPLIST_FILE = "Pocket NoteTests/Info.plist";
				LD_RUNPATH_SEARCH_PATHS = "$(inherited) @executable_path/Frameworks @loader_path/Frameworks";
				PRODUCT_BUNDLE_IDENTIFIER = "com.solis.mary.alexis.Pocket-NoteTests";
				PRODUCT_NAME = "$(TARGET_NAME)";
				SWIFT_VERSION = 3.0;
				TEST_HOST = "$(BUILT_PRODUCTS_DIR)/Pocket Note.app/Pocket Note";
			};
			name = Debug;
		};
		00A66CC71E89F95200924C34 /* Release */ = {
			isa = XCBuildConfiguration;
			baseConfigurationReference = 58194ADA537358297BCCBFBB /* Pods-Pocket NoteTests.release.xcconfig */;
			buildSettings = {
				ALWAYS_EMBED_SWIFT_STANDARD_LIBRARIES = YES;
				BUNDLE_LOADER = "$(TEST_HOST)";
				DEVELOPMENT_TEAM = 9926J9ME2U;
				INFOPLIST_FILE = "Pocket NoteTests/Info.plist";
				LD_RUNPATH_SEARCH_PATHS = "$(inherited) @executable_path/Frameworks @loader_path/Frameworks";
				PRODUCT_BUNDLE_IDENTIFIER = "com.solis.mary.alexis.Pocket-NoteTests";
				PRODUCT_NAME = "$(TARGET_NAME)";
				SWIFT_VERSION = 3.0;
				TEST_HOST = "$(BUILT_PRODUCTS_DIR)/Pocket Note.app/Pocket Note";
			};
			name = Release;
		};
		00A66CC91E89F95200924C34 /* Debug */ = {
			isa = XCBuildConfiguration;
			baseConfigurationReference = C851070CFE46C957B70BA9E3 /* Pods-Pocket NoteUITests.debug.xcconfig */;
			buildSettings = {
				ALWAYS_EMBED_SWIFT_STANDARD_LIBRARIES = YES;
				DEVELOPMENT_TEAM = 9926J9ME2U;
				INFOPLIST_FILE = "Pocket NoteUITests/Info.plist";
				LD_RUNPATH_SEARCH_PATHS = "$(inherited) @executable_path/Frameworks @loader_path/Frameworks";
				PRODUCT_BUNDLE_IDENTIFIER = "com.solis.mary.alexis.Pocket-NoteUITests";
				PRODUCT_NAME = "$(TARGET_NAME)";
				SWIFT_VERSION = 3.0;
				TEST_TARGET_NAME = "Pocket Note";
			};
			name = Debug;
		};
		00A66CCA1E89F95200924C34 /* Release */ = {
			isa = XCBuildConfiguration;
			baseConfigurationReference = 01BF788A29D5A4B994FE7DF5 /* Pods-Pocket NoteUITests.release.xcconfig */;
			buildSettings = {
				ALWAYS_EMBED_SWIFT_STANDARD_LIBRARIES = YES;
				DEVELOPMENT_TEAM = 9926J9ME2U;
				INFOPLIST_FILE = "Pocket NoteUITests/Info.plist";
				LD_RUNPATH_SEARCH_PATHS = "$(inherited) @executable_path/Frameworks @loader_path/Frameworks";
				PRODUCT_BUNDLE_IDENTIFIER = "com.solis.mary.alexis.Pocket-NoteUITests";
				PRODUCT_NAME = "$(TARGET_NAME)";
				SWIFT_VERSION = 3.0;
				TEST_TARGET_NAME = "Pocket Note";
			};
			name = Release;
		};
/* End XCBuildConfiguration section */

/* Begin XCConfigurationList section */
		00A66C951E89F95200924C34 /* Build configuration list for PBXProject "Pocket Note" */ = {
			isa = XCConfigurationList;
			buildConfigurations = (
				00A66CC01E89F95200924C34 /* Debug */,
				00A66CC11E89F95200924C34 /* Release */,
			);
			defaultConfigurationIsVisible = 0;
			defaultConfigurationName = Release;
		};
		00A66CC21E89F95200924C34 /* Build configuration list for PBXNativeTarget "Pocket Note" */ = {
			isa = XCConfigurationList;
			buildConfigurations = (
				00A66CC31E89F95200924C34 /* Debug */,
				00A66CC41E89F95200924C34 /* Release */,
			);
			defaultConfigurationIsVisible = 0;
			defaultConfigurationName = Release;
		};
		00A66CC51E89F95200924C34 /* Build configuration list for PBXNativeTarget "Pocket NoteTests" */ = {
			isa = XCConfigurationList;
			buildConfigurations = (
				00A66CC61E89F95200924C34 /* Debug */,
				00A66CC71E89F95200924C34 /* Release */,
			);
			defaultConfigurationIsVisible = 0;
			defaultConfigurationName = Release;
		};
		00A66CC81E89F95200924C34 /* Build configuration list for PBXNativeTarget "Pocket NoteUITests" */ = {
			isa = XCConfigurationList;
			buildConfigurations = (
				00A66CC91E89F95200924C34 /* Debug */,
				00A66CCA1E89F95200924C34 /* Release */,
			);
			defaultConfigurationIsVisible = 0;
			defaultConfigurationName = Release;
		};
/* End XCConfigurationList section */
	};
	rootObject = 00A66C921E89F95200924C34 /* Project object */;
}
